
Microsoft Visual Studio Solution File, Format Version 12.00
# Visual Studio Version 17
VisualStudioVersion = 17.3.32825.248
MinimumVisualStudioVersion = 10.0.40219.1
Project("{8BC9CEB8-8B4A-11D0-8D11-00A0C91BC942}") = "ctest_9_1", "ctest_9_1.vcxproj", "{D1D1486F-8233-483F-BA61-730CECB4DCAF}"
EndProject
Global
	GlobalSection(SolutionConfigurationPlatforms) = preSolution
		Debug|x64 = Debug|x64
		Debug|x86 = Debug|x86
		Release|x64 = Release|x64
		Release|x86 = Release|x86
	EndGlobalSection
	GlobalSection(ProjectConfigurationPlatforms) = postSolution
		{D1D1486F-8233-483F-BA61-730CECB4DCAF}.Debug|x64.ActiveCfg = Debug|x64
		{D1D1486F-8233-483F-BA61-730CECB4DCAF}.Debug|x64.Build.0 = Debug|x64
		{D1D1486F-8233-483F-BA61-730CECB4DCAF}.Debug|x86.ActiveCfg = Debug|Win32
		{D1D1486F-8233-483F-BA61-730CECB4DCAF}.Debug|x86.Build.0 = Debug|Win32
		{D1D1486F-8233-483F-BA61-730CECB4DCAF}.Release|x64.ActiveCfg = Release|x64
		{D1D1486F-8233-483F-BA61-730CECB4DCAF}.Release|x64.Build.0 = Release|x64
		{D1D1486F-8233-483F-BA61-730CECB4DCAF}.Release|x86.ActiveCfg = Release|Win32
		{D1D1486F-8233-483F-BA61-730CECB4DCAF}.Release|x86.Build.0 = Release|Win32
	EndGlobalSection
	GlobalSection(SolutionProperties) = preSolution
		HideSolutionNode = FALSE
	EndGlobalSection
	GlobalSection(ExtensibilityGlobals) = postSolution
		SolutionGuid = {2E653A6C-9108-44FB-9665-BF2298E51D92}
	EndGlobalSection
EndGlobal
